
Microsoft Visual Studio Solution File, Format Version 12.00
Project("{FAE04EC0-301F-11D3-BF4B-00C04F79EFBC}") = "ProductsAPI", "ProductsAPI\ProductsAPI.csproj", "{AD1B9064-3B3A-44DD-A77A-408A30ACF658}"
EndProject
Project("{2150E333-8FDC-42A3-9474-1A3956D46DE8}") = "Solution Items", "Solution Items", "{F6A28650-A2F8-4C89-BEDE-95B49CD4CC46}"
	ProjectSection(SolutionItems) = preProject
		compose.yaml = compose.yaml
		.env = .env
	EndProjectSection
EndProject
Project("{FAE04EC0-301F-11D3-BF4B-00C04F79EFBC}") = "Migrations", "Migrations\Migrations.csproj", "{BABA524D-2BD5-4A64-A1DB-226E943A59CA}"
EndProject
Project("{FAE04EC0-301F-11D3-BF4B-00C04F79EFBC}") = "Shared", "Shared\Shared.csproj", "{FA7E6161-E41F-4DB6-A105-38942FAE22F9}"
EndProject
Project("{FAE04EC0-301F-11D3-BF4B-00C04F79EFBC}") = "PurchasesAPI", "PurchasesAPI\PurchasesAPI.csproj", "{390B7558-5682-4161-8A3B-9C2E1AC0BA3F}"
EndProject
Project("{FAE04EC0-301F-11D3-BF4B-00C04F79EFBC}") = "UsersAPI", "UsersAPI\UsersAPI.csproj", "{3BCA5EE8-431D-45E2-9AB9-AAFBEF6419CE}"
EndProject
Global
	GlobalSection(SolutionConfigurationPlatforms) = preSolution
		Debug|Any CPU = Debug|Any CPU
		Release|Any CPU = Release|Any CPU
	EndGlobalSection
	GlobalSection(ProjectConfigurationPlatforms) = postSolution
		{AD1B9064-3B3A-44DD-A77A-408A30ACF658}.Debug|Any CPU.ActiveCfg = Debug|Any CPU
		{AD1B9064-3B3A-44DD-A77A-408A30ACF658}.Debug|Any CPU.Build.0 = Debug|Any CPU
		{AD1B9064-3B3A-44DD-A77A-408A30ACF658}.Release|Any CPU.ActiveCfg = Release|Any CPU
		{AD1B9064-3B3A-44DD-A77A-408A30ACF658}.Release|Any CPU.Build.0 = Release|Any CPU
		{BABA524D-2BD5-4A64-A1DB-226E943A59CA}.Debug|Any CPU.ActiveCfg = Debug|Any CPU
		{BABA524D-2BD5-4A64-A1DB-226E943A59CA}.Debug|Any CPU.Build.0 = Debug|Any CPU
		{BABA524D-2BD5-4A64-A1DB-226E943A59CA}.Release|Any CPU.ActiveCfg = Release|Any CPU
		{BABA524D-2BD5-4A64-A1DB-226E943A59CA}.Release|Any CPU.Build.0 = Release|Any CPU
		{FA7E6161-E41F-4DB6-A105-38942FAE22F9}.Debug|Any CPU.ActiveCfg = Debug|Any CPU
		{FA7E6161-E41F-4DB6-A105-38942FAE22F9}.Debug|Any CPU.Build.0 = Debug|Any CPU
		{FA7E6161-E41F-4DB6-A105-38942FAE22F9}.Release|Any CPU.ActiveCfg = Release|Any CPU
		{FA7E6161-E41F-4DB6-A105-38942FAE22F9}.Release|Any CPU.Build.0 = Release|Any CPU
		{390B7558-5682-4161-8A3B-9C2E1AC0BA3F}.Debug|Any CPU.ActiveCfg = Debug|Any CPU
		{390B7558-5682-4161-8A3B-9C2E1AC0BA3F}.Debug|Any CPU.Build.0 = Debug|Any CPU
		{390B7558-5682-4161-8A3B-9C2E1AC0BA3F}.Release|Any CPU.ActiveCfg = Release|Any CPU
		{390B7558-5682-4161-8A3B-9C2E1AC0BA3F}.Release|Any CPU.Build.0 = Release|Any CPU
		{3BCA5EE8-431D-45E2-9AB9-AAFBEF6419CE}.Debug|Any CPU.ActiveCfg = Debug|Any CPU
		{3BCA5EE8-431D-45E2-9AB9-AAFBEF6419CE}.Debug|Any CPU.Build.0 = Debug|Any CPU
		{3BCA5EE8-431D-45E2-9AB9-AAFBEF6419CE}.Release|Any CPU.ActiveCfg = Release|Any CPU
		{3BCA5EE8-431D-45E2-9AB9-AAFBEF6419CE}.Release|Any CPU.Build.0 = Release|Any CPU
	EndGlobalSection
EndGlobal
